
Microsoft Visual Studio Solution File, Format Version 12.00
# Visual Studio Version 16
VisualStudioVersion = 16.0.31410.357
MinimumVisualStudioVersion = 10.0.40219.1
Project("{FAE04EC0-301F-11D3-BF4B-00C04F79EFBC}") = "QuoridorApp.UWP", "QuoridorApp\QuoridorApp.UWP\QuoridorApp.UWP.csproj", "{FB4E9AE5-D79E-4F49-ADC8-3FC584B3150E}"
EndProject
Project("{FAE04EC0-301F-11D3-BF4B-00C04F79EFBC}") = "QuoridorApp.Android", "QuoridorApp\QuoridorApp.Android\QuoridorApp.Android.csproj", "{8EBD5BF2-618F-4CF8-8E83-694AAE0CC8A3}"
EndProject
Project("{FAE04EC0-301F-11D3-BF4B-00C04F79EFBC}") = "QuoridorApp.iOS", "QuoridorApp\QuoridorApp.iOS\QuoridorApp.iOS.csproj", "{3B1FD650-4160-4215-8F8F-E05E8741550F}"
EndProject
Project("{FAE04EC0-301F-11D3-BF4B-00C04F79EFBC}") = "QuoridorApp", "QuoridorApp\QuoridorApp\QuoridorApp.csproj", "{C41B5BE9-7917-4900-9A1E-A16763483ABD}"
EndProject
Global
	GlobalSection(SolutionConfigurationPlatforms) = preSolution
		Debug|Any CPU = Debug|Any CPU
		Debug|ARM = Debug|ARM
		Debug|iPhone = Debug|iPhone
		Debug|iPhoneSimulator = Debug|iPhoneSimulator
		Debug|x64 = Debug|x64
		Debug|x86 = Debug|x86
		Release|Any CPU = Release|Any CPU
		Release|ARM = Release|ARM
		Release|iPhone = Release|iPhone
		Release|iPhoneSimulator = Release|iPhoneSimulator
		Release|x64 = Release|x64
		Release|x86 = Release|x86
	EndGlobalSection
	GlobalSection(ProjectConfigurationPlatforms) = postSolution
		{FB4E9AE5-D79E-4F49-ADC8-3FC584B3150E}.Debug|Any CPU.ActiveCfg = Debug|x86
		{FB4E9AE5-D79E-4F49-ADC8-3FC584B3150E}.Debug|Any CPU.Build.0 = Debug|x86
		{FB4E9AE5-D79E-4F49-ADC8-3FC584B3150E}.Debug|Any CPU.Deploy.0 = Debug|x86
		{FB4E9AE5-D79E-4F49-ADC8-3FC584B3150E}.Debug|ARM.ActiveCfg = Debug|ARM
		{FB4E9AE5-D79E-4F49-ADC8-3FC584B3150E}.Debug|ARM.Build.0 = Debug|ARM
		{FB4E9AE5-D79E-4F49-ADC8-3FC584B3150E}.Debug|ARM.Deploy.0 = Debug|ARM
		{FB4E9AE5-D79E-4F49-ADC8-3FC584B3150E}.Debug|iPhone.ActiveCfg = Debug|x86
		{FB4E9AE5-D79E-4F49-ADC8-3FC584B3150E}.Debug|iPhone.Build.0 = Debug|x86
		{FB4E9AE5-D79E-4F49-ADC8-3FC584B3150E}.Debug|iPhone.Deploy.0 = Debug|x86
		{FB4E9AE5-D79E-4F49-ADC8-3FC584B3150E}.Debug|iPhoneSimulator.ActiveCfg = Debug|x86
		{FB4E9AE5-D79E-4F49-ADC8-3FC584B3150E}.Debug|iPhoneSimulator.Build.0 = Debug|x86
		{FB4E9AE5-D79E-4F49-ADC8-3FC584B3150E}.Debug|iPhoneSimulator.Deploy.0 = Debug|x86
		{FB4E9AE5-D79E-4F49-ADC8-3FC584B3150E}.Debug|x64.ActiveCfg = Debug|x64
		{FB4E9AE5-D79E-4F49-ADC8-3FC584B3150E}.Debug|x64.Build.0 = Debug|x64
		{FB4E9AE5-D79E-4F49-ADC8-3FC584B3150E}.Debug|x64.Deploy.0 = Debug|x64
		{FB4E9AE5-D79E-4F49-ADC8-3FC584B3150E}.Debug|x86.ActiveCfg = Debug|x86
		{FB4E9AE5-D79E-4F49-ADC8-3FC584B3150E}.Debug|x86.Build.0 = Debug|x86
		{FB4E9AE5-D79E-4F49-ADC8-3FC584B3150E}.Debug|x86.Deploy.0 = Debug|x86
		{FB4E9AE5-D79E-4F49-ADC8-3FC584B3150E}.Release|Any CPU.ActiveCfg = Release|x86
		{FB4E9AE5-D79E-4F49-ADC8-3FC584B3150E}.Release|Any CPU.Build.0 = Release|x86
		{FB4E9AE5-D79E-4F49-ADC8-3FC584B3150E}.Release|Any CPU.Deploy.0 = Release|x86
		{FB4E9AE5-D79E-4F49-ADC8-3FC584B3150E}.Release|ARM.ActiveCfg = Release|ARM
		{FB4E9AE5-D79E-4F49-ADC8-3FC584B3150E}.Release|ARM.Build.0 = Release|ARM
		{FB4E9AE5-D79E-4F49-ADC8-3FC584B3150E}.Release|ARM.Deploy.0 = Release|ARM
		{FB4E9AE5-D79E-4F49-ADC8-3FC584B3150E}.Release|iPhone.ActiveCfg = Release|x86
		{FB4E9AE5-D79E-4F49-ADC8-3FC584B3150E}.Release|iPhone.Build.0 = Release|x86
		{FB4E9AE5-D79E-4F49-ADC8-3FC584B3150E}.Release|iPhone.Deploy.0 = Release|x86
		{FB4E9AE5-D79E-4F49-ADC8-3FC584B3150E}.Release|iPhoneSimulator.ActiveCfg = Release|x86
		{FB4E9AE5-D79E-4F49-ADC8-3FC584B3150E}.Release|iPhoneSimulator.Build.0 = Release|x86
		{FB4E9AE5-D79E-4F49-ADC8-3FC584B3150E}.Release|iPhoneSimulator.Deploy.0 = Release|x86
		{FB4E9AE5-D79E-4F49-ADC8-3FC584B3150E}.Release|x64.ActiveCfg = Release|x64
		{FB4E9AE5-D79E-4F49-ADC8-3FC584B3150E}.Release|x64.Build.0 = Release|x64
		{FB4E9AE5-D79E-4F49-ADC8-3FC584B3150E}.Release|x64.Deploy.0 = Release|x64
		{FB4E9AE5-D79E-4F49-ADC8-3FC584B3150E}.Release|x86.ActiveCfg = Release|x86
		{FB4E9AE5-D79E-4F49-ADC8-3FC584B3150E}.Release|x86.Build.0 = Release|x86
		{FB4E9AE5-D79E-4F49-ADC8-3FC584B3150E}.Release|x86.Deploy.0 = Release|x86
		{8EBD5BF2-618F-4CF8-8E83-694AAE0CC8A3}.Debug|Any CPU.ActiveCfg = Debug|Any CPU
		{8EBD5BF2-618F-4CF8-8E83-694AAE0CC8A3}.Debug|Any CPU.Build.0 = Debug|Any CPU
		{8EBD5BF2-618F-4CF8-8E83-694AAE0CC8A3}.Debug|Any CPU.Deploy.0 = Debug|Any CPU
		{8EBD5BF2-618F-4CF8-8E83-694AAE0CC8A3}.Debug|ARM.ActiveCfg = Debug|Any CPU
		{8EBD5BF2-618F-4CF8-8E83-694AAE0CC8A3}.Debug|ARM.Build.0 = Debug|Any CPU
		{8EBD5BF2-618F-4CF8-8E83-694AAE0CC8A3}.Debug|ARM.Deploy.0 = Debug|Any CPU
		{8EBD5BF2-618F-4CF8-8E83-694AAE0CC8A3}.Debug|iPhone.ActiveCfg = Debug|Any CPU
		{8EBD5BF2-618F-4CF8-8E83-694AAE0CC8A3}.Debug|iPhone.Build.0 = Debug|Any CPU
		{8EBD5BF2-618F-4CF8-8E83-694AAE0CC8A3}.Debug|iPhone.Deploy.0 = Debug|Any CPU
		{8EBD5BF2-618F-4CF8-8E83-694AAE0CC8A3}.Debug|iPhoneSimulator.ActiveCfg = Debug|Any CPU
		{8EBD5BF2-618F-4CF8-8E83-694AAE0CC8A3}.Debug|iPhoneSimulator.Build.0 = Debug|Any CPU
		{8EBD5BF2-618F-4CF8-8E83-694AAE0CC8A3}.Debug|iPhoneSimulator.Deploy.0 = Debug|Any CPU
		{8EBD5BF2-618F-4CF8-8E83-694AAE0CC8A3}.Debug|x64.ActiveCfg = Debug|Any CPU
		{8EBD5BF2-618F-4CF8-8E83-694AAE0CC8A3}.Debug|x64.Build.0 = Debug|Any CPU
		{8EBD5BF2-618F-4CF8-8E83-694AAE0CC8A3}.Debug|x64.Deploy.0 = Debug|Any CPU
		{8EBD5BF2-618F-4CF8-8E83-694AAE0CC8A3}.Debug|x86.ActiveCfg = Debug|Any CPU
		{8EBD5BF2-618F-4CF8-8E83-694AAE0CC8A3}.Debug|x86.Build.0 = Debug|Any CPU
		{8EBD5BF2-618F-4CF8-8E83-694AAE0CC8A3}.Debug|x86.Deploy.0 = Debug|Any CPU
		{8EBD5BF2-618F-4CF8-8E83-694AAE0CC8A3}.Release|Any CPU.ActiveCfg = Release|Any CPU
		{8EBD5BF2-618F-4CF8-8E83-694AAE0CC8A3}.Release|Any CPU.Build.0 = Release|Any CPU
		{8EBD5BF2-618F-4CF8-8E83-694AAE0CC8A3}.Release|Any CPU.Deploy.0 = Release|Any CPU
		{8EBD5BF2-618F-4CF8-8E83-694AAE0CC8A3}.Release|ARM.ActiveCfg = Release|Any CPU
		{8EBD5BF2-618F-4CF8-8E83-694AAE0CC8A3}.Release|ARM.Build.0 = Release|Any CPU
		{8EBD5BF2-618F-4CF8-8E83-694AAE0CC8A3}.Release|ARM.Deploy.0 = Release|Any CPU
		{8EBD5BF2-618F-4CF8-8E83-694AAE0CC8A3}.Release|iPhone.ActiveCfg = Release|Any CPU
		{8EBD5BF2-618F-4CF8-8E83-694AAE0CC8A3}.Release|iPhone.Build.0 = Release|Any CPU
		{8EBD5BF2-618F-4CF8-8E83-694AAE0CC8A3}.Release|iPhone.Deploy.0 = Release|Any CPU
		{8EBD5BF2-618F-4CF8-8E83-694AAE0CC8A3}.Release|iPhoneSimulator.ActiveCfg = Release|Any CPU
		{8EBD5BF2-618F-4CF8-8E83-694AAE0CC8A3}.Release|iPhoneSimulator.Build.0 = Release|Any CPU
		{8EBD5BF2-618F-4CF8-8E83-694AAE0CC8A3}.Release|iPhoneSimulator.Deploy.0 = Release|Any CPU
		{8EBD5BF2-618F-4CF8-8E83-694AAE0CC8A3}.Release|x64.ActiveCfg = Release|Any CPU
		{8EBD5BF2-618F-4CF8-8E83-694AAE0CC8A3}.Release|x64.Build.0 = Release|Any CPU
		{8EBD5BF2-618F-4CF8-8E83-694AAE0CC8A3}.Release|x64.Deploy.0 = Release|Any CPU
		{8EBD5BF2-618F-4CF8-8E83-694AAE0CC8A3}.Release|x86.ActiveCfg = Release|Any CPU
		{8EBD5BF2-618F-4CF8-8E83-694AAE0CC8A3}.Release|x86.Build.0 = Release|Any CPU
		{8EBD5BF2-618F-4CF8-8E83-694AAE0CC8A3}.Release|x86.Deploy.0 = Release|Any CPU
		{3B1FD650-4160-4215-8F8F-E05E8741550F}.Debug|Any CPU.ActiveCfg = Debug|iPhoneSimulator
		{3B1FD650-4160-4215-8F8F-E05E8741550F}.Debug|Any CPU.Build.0 = Debug|iPhoneSimulator
		{3B1FD650-4160-4215-8F8F-E05E8741550F}.Debug|Any CPU.Deploy.0 = Debug|iPhoneSimulator
		{3B1FD650-4160-4215-8F8F-E05E8741550F}.Debug|ARM.ActiveCfg = Debug|iPhone
		{3B1FD650-4160-4215-8F8F-E05E8741550F}.Debug|ARM.Build.0 = Debug|iPhone
		{3B1FD650-4160-4215-8F8F-E05E8741550F}.Debug|ARM.Deploy.0 = Debug|iPhone
		{3B1FD650-4160-4215-8F8F-E05E8741550F}.Debug|iPhone.ActiveCfg = Debug|iPhone
		{3B1FD650-4160-4215-8F8F-E05E8741550F}.Debug|iPhone.Build.0 = Debug|iPhone
		{3B1FD650-4160-4215-8F8F-E05E8741550F}.Debug|iPhone.Deploy.0 = Debug|iPhone
		{3B1FD650-4160-4215-8F8F-E05E8741550F}.Debug|iPhoneSimulator.ActiveCfg = Debug|iPhoneSimulator
		{3B1FD650-4160-4215-8F8F-E05E8741550F}.Debug|iPhoneSimulator.Build.0 = Debug|iPhoneSimulator
		{3B1FD650-4160-4215-8F8F-E05E8741550F}.Debug|iPhoneSimulator.Deploy.0 = Debug|iPhoneSimulator
		{3B1FD650-4160-4215-8F8F-E05E8741550F}.Debug|x64.ActiveCfg = Debug|iPhoneSimulator
		{3B1FD650-4160-4215-8F8F-E05E8741550F}.Debug|x64.Build.0 = Debug|iPhoneSimulator
		{3B1FD650-4160-4215-8F8F-E05E8741550F}.Debug|x64.Deploy.0 = Debug|iPhoneSimulator
		{3B1FD650-4160-4215-8F8F-E05E8741550F}.Debug|x86.ActiveCfg = Debug|iPhoneSimulator
		{3B1FD650-4160-4215-8F8F-E05E8741550F}.Debug|x86.Build.0 = Debug|iPhoneSimulator
		{3B1FD650-4160-4215-8F8F-E05E8741550F}.Debug|x86.Deploy.0 = Debug|iPhoneSimulator
		{3B1FD650-4160-4215-8F8F-E05E8741550F}.Release|Any CPU.ActiveCfg = Release|iPhoneSimulator
		{3B1FD650-4160-4215-8F8F-E05E8741550F}.Release|Any CPU.Build.0 = Release|iPhoneSimulator
		{3B1FD650-4160-4215-8F8F-E05E8741550F}.Release|Any CPU.Deploy.0 = Release|iPhoneSimulator
		{3B1FD650-4160-4215-8F8F-E05E8741550F}.Release|ARM.ActiveCfg = Release|iPhoneSimulator
		{3B1FD650-4160-4215-8F8F-E05E8741550F}.Release|ARM.Build.0 = Release|iPhoneSimulator
		{3B1FD650-4160-4215-8F8F-E05E8741550F}.Release|ARM.Deploy.0 = Release|iPhoneSimulator
		{3B1FD650-4160-4215-8F8F-E05E8741550F}.Release|iPhone.ActiveCfg = Release|iPhone
		{3B1FD650-4160-4215-8F8F-E05E8741550F}.Release|iPhone.Build.0 = Release|iPhone
		{3B1FD650-4160-4215-8F8F-E05E8741550F}.Release|iPhone.Deploy.0 = Release|iPhone
		{3B1FD650-4160-4215-8F8F-E05E8741550F}.Release|iPhoneSimulator.ActiveCfg = Release|iPhoneSimulator
		{3B1FD650-4160-4215-8F8F-E05E8741550F}.Release|iPhoneSimulator.Build.0 = Release|iPhoneSimulator
		{3B1FD650-4160-4215-8F8F-E05E8741550F}.Release|iPhoneSimulator.Deploy.0 = Release|iPhoneSimulator
		{3B1FD650-4160-4215-8F8F-E05E8741550F}.Release|x64.ActiveCfg = Release|iPhoneSimulator
		{3B1FD650-4160-4215-8F8F-E05E8741550F}.Release|x64.Build.0 = Release|iPhoneSimulator
		{3B1FD650-4160-4215-8F8F-E05E8741550F}.Release|x64.Deploy.0 = Release|iPhoneSimulator
		{3B1FD650-4160-4215-8F8F-E05E8741550F}.Release|x86.ActiveCfg = Release|iPhoneSimulator
		{3B1FD650-4160-4215-8F8F-E05E8741550F}.Release|x86.Build.0 = Release|iPhoneSimulator
		{3B1FD650-4160-4215-8F8F-E05E8741550F}.Release|x86.Deploy.0 = Release|iPhoneSimulator
		{C41B5BE9-7917-4900-9A1E-A16763483ABD}.Debug|Any CPU.ActiveCfg = Debug|Any CPU
		{C41B5BE9-7917-4900-9A1E-A16763483ABD}.Debug|Any CPU.Build.0 = Debug|Any CPU
		{C41B5BE9-7917-4900-9A1E-A16763483ABD}.Debug|Any CPU.Deploy.0 = Debug|Any CPU
		{C41B5BE9-7917-4900-9A1E-A16763483ABD}.Debug|ARM.ActiveCfg = Debug|Any CPU
		{C41B5BE9-7917-4900-9A1E-A16763483ABD}.Debug|ARM.Build.0 = Debug|Any CPU
		{C41B5BE9-7917-4900-9A1E-A16763483ABD}.Debug|ARM.Deploy.0 = Debug|Any CPU
		{C41B5BE9-7917-4900-9A1E-A16763483ABD}.Debug|iPhone.ActiveCfg = Debug|Any CPU
		{C41B5BE9-7917-4900-9A1E-A16763483ABD}.Debug|iPhone.Build.0 = Debug|Any CPU
		{C41B5BE9-7917-4900-9A1E-A16763483ABD}.Debug|iPhone.Deploy.0 = Debug|Any CPU
		{C41B5BE9-7917-4900-9A1E-A16763483ABD}.Debug|iPhoneSimulator.ActiveCfg = Debug|Any CPU
		{C41B5BE9-7917-4900-9A1E-A16763483ABD}.Debug|iPhoneSimulator.Build.0 = Debug|Any CPU
		{C41B5BE9-7917-4900-9A1E-A16763483ABD}.Debug|iPhoneSimulator.Deploy.0 = Debug|Any CPU
		{C41B5BE9-7917-4900-9A1E-A16763483ABD}.Debug|x64.ActiveCfg = Debug|Any CPU
		{C41B5BE9-7917-4900-9A1E-A16763483ABD}.Debug|x64.Build.0 = Debug|Any CPU
		{C41B5BE9-7917-4900-9A1E-A16763483ABD}.Debug|x64.Deploy.0 = Debug|Any CPU
		{C41B5BE9-7917-4900-9A1E-A16763483ABD}.Debug|x86.ActiveCfg = Debug|Any CPU
		{C41B5BE9-7917-4900-9A1E-A16763483ABD}.Debug|x86.Build.0 = Debug|Any CPU
		{C41B5BE9-7917-4900-9A1E-A16763483ABD}.Debug|x86.Deploy.0 = Debug|Any CPU
		{C41B5BE9-7917-4900-9A1E-A16763483ABD}.Release|Any CPU.ActiveCfg = Release|Any CPU
		{C41B5BE9-7917-4900-9A1E-A16763483ABD}.Release|Any CPU.Build.0 = Release|Any CPU
		{C41B5BE9-7917-4900-9A1E-A16763483ABD}.Release|Any CPU.Deploy.0 = Release|Any CPU
		{C41B5BE9-7917-4900-9A1E-A16763483ABD}.Release|ARM.ActiveCfg = Release|Any CPU
		{C41B5BE9-7917-4900-9A1E-A16763483ABD}.Release|ARM.Build.0 = Release|Any CPU
		{C41B5BE9-7917-4900-9A1E-A16763483ABD}.Release|ARM.Deploy.0 = Release|Any CPU
		{C41B5BE9-7917-4900-9A1E-A16763483ABD}.Release|iPhone.ActiveCfg = Release|Any CPU
		{C41B5BE9-7917-4900-9A1E-A16763483ABD}.Release|iPhone.Build.0 = Release|Any CPU
		{C41B5BE9-7917-4900-9A1E-A16763483ABD}.Release|iPhone.Deploy.0 = Release|Any CPU
		{C41B5BE9-7917-4900-9A1E-A16763483ABD}.Release|iPhoneSimulator.ActiveCfg = Release|Any CPU
		{C41B5BE9-7917-4900-9A1E-A16763483ABD}.Release|iPhoneSimulator.Build.0 = Release|Any CPU
		{C41B5BE9-7917-4900-9A1E-A16763483ABD}.Release|iPhoneSimulator.Deploy.0 = Release|Any CPU
		{C41B5BE9-7917-4900-9A1E-A16763483ABD}.Release|x64.ActiveCfg = Release|Any CPU
		{C41B5BE9-7917-4900-9A1E-A16763483ABD}.Release|x64.Build.0 = Release|Any CPU
		{C41B5BE9-7917-4900-9A1E-A16763483ABD}.Release|x64.Deploy.0 = Release|Any CPU
		{C41B5BE9-7917-4900-9A1E-A16763483ABD}.Release|x86.ActiveCfg = Release|Any CPU
		{C41B5BE9-7917-4900-9A1E-A16763483ABD}.Release|x86.Build.0 = Release|Any CPU
		{C41B5BE9-7917-4900-9A1E-A16763483ABD}.Release|x86.Deploy.0 = Release|Any CPU
	EndGlobalSection
	GlobalSection(SolutionProperties) = preSolution
		HideSolutionNode = FALSE
	EndGlobalSection
	GlobalSection(ExtensibilityGlobals) = postSolution
		SolutionGuid = {AB8F1DD4-0498-4994-9F1B-E5DE257115F6}
	EndGlobalSection
EndGlobal
